
Microsoft Visual Studio Solution File, Format Version 12.00
# Visual Studio Version 16
VisualStudioVersion = 16.0.30907.101
MinimumVisualStudioVersion = 10.0.40219.1
Project("{FAE04EC0-301F-11D3-BF4B-00C04F79EFBC}") = "SpotlightTest", "SpotlightTest\SpotlightTest.csproj", "{AEBC6A2B-E7FF-4341-B2D8-EB69BFFB5716}"
EndProject
Global
	GlobalSection(SolutionConfigurationPlatforms) = preSolution
		Debug|Any CPU = Debug|Any CPU
		Release|Any CPU = Release|Any CPU
	EndGlobalSection
	GlobalSection(ProjectConfigurationPlatforms) = postSolution
		{AEBC6A2B-E7FF-4341-B2D8-EB69BFFB5716}.Debug|Any CPU.ActiveCfg = Debug|Any CPU
		{AEBC6A2B-E7FF-4341-B2D8-EB69BFFB5716}.Debug|Any CPU.Build.0 = Debug|Any CPU
		{AEBC6A2B-E7FF-4341-B2D8-EB69BFFB5716}.Release|Any CPU.ActiveCfg = Release|Any CPU
		{AEBC6A2B-E7FF-4341-B2D8-EB69BFFB5716}.Release|Any CPU.Build.0 = Release|Any CPU
	EndGlobalSection
	GlobalSection(SolutionProperties) = preSolution
		HideSolutionNode = FALSE
	EndGlobalSection
	GlobalSection(ExtensibilityGlobals) = postSolution
		SolutionGuid = {91E70945-285B-48B9-8B58-A049BFCC2A27}
	EndGlobalSection
EndGlobal
